
Microsoft Visual Studio Solution File, Format Version 12.00
# Visual Studio Version 16
VisualStudioVersion = 16.0.32126.315
MinimumVisualStudioVersion = 10.0.40219.1
Project("{8BC9CEB8-8B4A-11D0-8D11-00A0C91BC942}") = "agent", "agent.vcxproj", "{C7F12E4C-FA03-4967-A4A4-0CC050CA7F37}"
EndProject
Global
	GlobalSection(SolutionConfigurationPlatforms) = preSolution
		Debug|ARM = Debug|ARM
		Debug|ARM64 = Debug|ARM64
		Debug|x64 = Debug|x64
		Debug|x86 = Debug|x86
		Release|ARM = Release|ARM
		Release|ARM64 = Release|ARM64
		Release|x64 = Release|x64
		Release|x86 = Release|x86
	EndGlobalSection
	GlobalSection(ProjectConfigurationPlatforms) = postSolution
		{C7F12E4C-FA03-4967-A4A4-0CC050CA7F37}.Debug|ARM.ActiveCfg = Debug|ARM
		{C7F12E4C-FA03-4967-A4A4-0CC050CA7F37}.Debug|ARM.Build.0 = Debug|ARM
		{C7F12E4C-FA03-4967-A4A4-0CC050CA7F37}.Debug|ARM.Deploy.0 = Debug|ARM
		{C7F12E4C-FA03-4967-A4A4-0CC050CA7F37}.Debug|ARM64.ActiveCfg = Debug|ARM64
		{C7F12E4C-FA03-4967-A4A4-0CC050CA7F37}.Debug|ARM64.Build.0 = Debug|ARM64
		{C7F12E4C-FA03-4967-A4A4-0CC050CA7F37}.Debug|ARM64.Deploy.0 = Debug|ARM64
		{C7F12E4C-FA03-4967-A4A4-0CC050CA7F37}.Debug|x64.ActiveCfg = Debug|x64
		{C7F12E4C-FA03-4967-A4A4-0CC050CA7F37}.Debug|x64.Build.0 = Debug|x64
		{C7F12E4C-FA03-4967-A4A4-0CC050CA7F37}.Debug|x64.Deploy.0 = Debug|x64
		{C7F12E4C-FA03-4967-A4A4-0CC050CA7F37}.Debug|x86.ActiveCfg = Debug|x86
		{C7F12E4C-FA03-4967-A4A4-0CC050CA7F37}.Debug|x86.Build.0 = Debug|x86
		{C7F12E4C-FA03-4967-A4A4-0CC050CA7F37}.Debug|x86.Deploy.0 = Debug|x86
		{C7F12E4C-FA03-4967-A4A4-0CC050CA7F37}.Release|ARM.ActiveCfg = Release|ARM
		{C7F12E4C-FA03-4967-A4A4-0CC050CA7F37}.Release|ARM.Build.0 = Release|ARM
		{C7F12E4C-FA03-4967-A4A4-0CC050CA7F37}.Release|ARM.Deploy.0 = Release|ARM
		{C7F12E4C-FA03-4967-A4A4-0CC050CA7F37}.Release|ARM64.ActiveCfg = Release|ARM64
		{C7F12E4C-FA03-4967-A4A4-0CC050CA7F37}.Release|ARM64.Build.0 = Release|ARM64
		{C7F12E4C-FA03-4967-A4A4-0CC050CA7F37}.Release|ARM64.Deploy.0 = Release|ARM64
		{C7F12E4C-FA03-4967-A4A4-0CC050CA7F37}.Release|x64.ActiveCfg = Release|x64
		{C7F12E4C-FA03-4967-A4A4-0CC050CA7F37}.Release|x64.Build.0 = Release|x64
		{C7F12E4C-FA03-4967-A4A4-0CC050CA7F37}.Release|x64.Deploy.0 = Release|x64
		{C7F12E4C-FA03-4967-A4A4-0CC050CA7F37}.Release|x86.ActiveCfg = Release|x86
		{C7F12E4C-FA03-4967-A4A4-0CC050CA7F37}.Release|x86.Build.0 = Release|x86
		{C7F12E4C-FA03-4967-A4A4-0CC050CA7F37}.Release|x86.Deploy.0 = Release|x86
	EndGlobalSection
	GlobalSection(SolutionProperties) = preSolution
		HideSolutionNode = FALSE
	EndGlobalSection
	GlobalSection(ExtensibilityGlobals) = postSolution
		SolutionGuid = {B60AAB1E-8276-443A-BA41-0B707BA88BE2}
	EndGlobalSection
EndGlobal
